
Microsoft Visual Studio Solution File, Format Version 12.00
# Visual Studio Version 17
VisualStudioVersion = 17.0.31903.59
MinimumVisualStudioVersion = 10.0.40219.1
Project("{2150E333-8FDC-42A3-9474-1A3956D46DE8}") = "src", "src", "{A1A1A1A1-A1A1-A1A1-A1A1-A1A1A1A1A1A1}"
EndProject
Project("{2150E333-8FDC-42A3-9474-1A3956D46DE8}") = "Services", "Services", "{B1B1B1B1-B1B1-B1B1-B1B1-B1B1B1B1B1B1}"
EndProject
Project("{2150E333-8FDC-42A3-9474-1A3956D46DE8}") = "ApiGateway", "ApiGateway", "{C1C1C1C1-C1C1-C1C1-C1C1-C1C1C1C1C1C1}"
EndProject
Project("{2150E333-8FDC-42A3-9474-1A3956D46DE8}") = "Services", "Services", "{B86D4D1C-C8FF-1C72-8991-A288736FBADF}"
EndProject
Project("{2150E333-8FDC-42A3-9474-1A3956D46DE8}") = "ProductService", "ProductService", "{8CE1A7CB-C122-8325-5DE3-ECEBAD60DFC9}"
EndProject
Project("{FAE04EC0-301F-11D3-BF4B-00C04F79EFBC}") = "ProductService.Tests", "src\Services\ProductService\ProductService.Tests\ProductService.Tests.csproj", "{7102A52E-38AF-4637-B7CD-8BCB79FAD096}"
EndProject
Project("{2150E333-8FDC-42A3-9474-1A3956D46DE8}") = "IdentityService", "IdentityService", "{A32CDD6F-19C8-1586-9F76-85F710C55459}"
EndProject
Project("{FAE04EC0-301F-11D3-BF4B-00C04F79EFBC}") = "IdentityService.Domain", "src\Services\IdentityService\IdentityService.Domain\IdentityService.Domain.csproj", "{DD40E76A-1F8E-4ADF-828D-5029DE9851D9}"
EndProject
Project("{FAE04EC0-301F-11D3-BF4B-00C04F79EFBC}") = "IdentityService.Application", "src\Services\IdentityService\IdentityService.Application\IdentityService.Application.csproj", "{EDCBAAE4-A1CD-4967-BCD8-9DCE3317D99B}"
EndProject
Project("{FAE04EC0-301F-11D3-BF4B-00C04F79EFBC}") = "IdentityService.Infrastructure", "src\Services\IdentityService\IdentityService.Infrastructure\IdentityService.Infrastructure.csproj", "{896DF0E2-2DB3-4443-8168-9209020D6FF7}"
EndProject
Project("{FAE04EC0-301F-11D3-BF4B-00C04F79EFBC}") = "IdentityService.API", "src\Services\IdentityService\IdentityService.API\IdentityService.API.csproj", "{17BB9629-0D91-48FA-A16E-A2164FE5032E}"
EndProject
Project("{FAE04EC0-301F-11D3-BF4B-00C04F79EFBC}") = "IdentityService.Tests", "src\Services\IdentityService\IdentityService.Tests\IdentityService.Tests.csproj", "{C857B0BE-F67F-49EA-BCC4-075223FCCB29}"
EndProject
Project("{2150E333-8FDC-42A3-9474-1A3956D46DE8}") = "BasketService", "BasketService", "{35B95F07-3EB9-6AFC-CC15-582773211F49}"
EndProject
Project("{FAE04EC0-301F-11D3-BF4B-00C04F79EFBC}") = "BasketService.Tests", "src\Services\BasketService\BasketService.Tests\BasketService.Tests.csproj", "{C692FB47-BBA5-40B9-8AF0-E84F2A2EE46A}"
EndProject
Global
	GlobalSection(SolutionConfigurationPlatforms) = preSolution
		Debug|Any CPU = Debug|Any CPU
		Debug|x64 = Debug|x64
		Debug|x86 = Debug|x86
		Release|Any CPU = Release|Any CPU
		Release|x64 = Release|x64
		Release|x86 = Release|x86
	EndGlobalSection
	GlobalSection(ProjectConfigurationPlatforms) = postSolution
		{7102A52E-38AF-4637-B7CD-8BCB79FAD096}.Debug|Any CPU.ActiveCfg = Debug|Any CPU
		{7102A52E-38AF-4637-B7CD-8BCB79FAD096}.Debug|Any CPU.Build.0 = Debug|Any CPU
		{7102A52E-38AF-4637-B7CD-8BCB79FAD096}.Debug|x64.ActiveCfg = Debug|Any CPU
		{7102A52E-38AF-4637-B7CD-8BCB79FAD096}.Debug|x64.Build.0 = Debug|Any CPU
		{7102A52E-38AF-4637-B7CD-8BCB79FAD096}.Debug|x86.ActiveCfg = Debug|Any CPU
		{7102A52E-38AF-4637-B7CD-8BCB79FAD096}.Debug|x86.Build.0 = Debug|Any CPU
		{7102A52E-38AF-4637-B7CD-8BCB79FAD096}.Release|Any CPU.ActiveCfg = Release|Any CPU
		{7102A52E-38AF-4637-B7CD-8BCB79FAD096}.Release|Any CPU.Build.0 = Release|Any CPU
		{7102A52E-38AF-4637-B7CD-8BCB79FAD096}.Release|x64.ActiveCfg = Release|Any CPU
		{7102A52E-38AF-4637-B7CD-8BCB79FAD096}.Release|x64.Build.0 = Release|Any CPU
		{7102A52E-38AF-4637-B7CD-8BCB79FAD096}.Release|x86.ActiveCfg = Release|Any CPU
		{7102A52E-38AF-4637-B7CD-8BCB79FAD096}.Release|x86.Build.0 = Release|Any CPU
		{DD40E76A-1F8E-4ADF-828D-5029DE9851D9}.Debug|Any CPU.ActiveCfg = Debug|Any CPU
		{DD40E76A-1F8E-4ADF-828D-5029DE9851D9}.Debug|Any CPU.Build.0 = Debug|Any CPU
		{DD40E76A-1F8E-4ADF-828D-5029DE9851D9}.Debug|x64.ActiveCfg = Debug|Any CPU
		{DD40E76A-1F8E-4ADF-828D-5029DE9851D9}.Debug|x64.Build.0 = Debug|Any CPU
		{DD40E76A-1F8E-4ADF-828D-5029DE9851D9}.Debug|x86.ActiveCfg = Debug|Any CPU
		{DD40E76A-1F8E-4ADF-828D-5029DE9851D9}.Debug|x86.Build.0 = Debug|Any CPU
		{DD40E76A-1F8E-4ADF-828D-5029DE9851D9}.Release|Any CPU.ActiveCfg = Release|Any CPU
		{DD40E76A-1F8E-4ADF-828D-5029DE9851D9}.Release|Any CPU.Build.0 = Release|Any CPU
		{DD40E76A-1F8E-4ADF-828D-5029DE9851D9}.Release|x64.ActiveCfg = Release|Any CPU
		{DD40E76A-1F8E-4ADF-828D-5029DE9851D9}.Release|x64.Build.0 = Release|Any CPU
		{DD40E76A-1F8E-4ADF-828D-5029DE9851D9}.Release|x86.ActiveCfg = Release|Any CPU
		{DD40E76A-1F8E-4ADF-828D-5029DE9851D9}.Release|x86.Build.0 = Release|Any CPU
		{EDCBAAE4-A1CD-4967-BCD8-9DCE3317D99B}.Debug|Any CPU.ActiveCfg = Debug|Any CPU
		{EDCBAAE4-A1CD-4967-BCD8-9DCE3317D99B}.Debug|Any CPU.Build.0 = Debug|Any CPU
		{EDCBAAE4-A1CD-4967-BCD8-9DCE3317D99B}.Debug|x64.ActiveCfg = Debug|Any CPU
		{EDCBAAE4-A1CD-4967-BCD8-9DCE3317D99B}.Debug|x64.Build.0 = Debug|Any CPU
		{EDCBAAE4-A1CD-4967-BCD8-9DCE3317D99B}.Debug|x86.ActiveCfg = Debug|Any CPU
		{EDCBAAE4-A1CD-4967-BCD8-9DCE3317D99B}.Debug|x86.Build.0 = Debug|Any CPU
		{EDCBAAE4-A1CD-4967-BCD8-9DCE3317D99B}.Release|Any CPU.ActiveCfg = Release|Any CPU
		{EDCBAAE4-A1CD-4967-BCD8-9DCE3317D99B}.Release|Any CPU.Build.0 = Release|Any CPU
		{EDCBAAE4-A1CD-4967-BCD8-9DCE3317D99B}.Release|x64.ActiveCfg = Release|Any CPU
		{EDCBAAE4-A1CD-4967-BCD8-9DCE3317D99B}.Release|x64.Build.0 = Release|Any CPU
		{EDCBAAE4-A1CD-4967-BCD8-9DCE3317D99B}.Release|x86.ActiveCfg = Release|Any CPU
		{EDCBAAE4-A1CD-4967-BCD8-9DCE3317D99B}.Release|x86.Build.0 = Release|Any CPU
		{896DF0E2-2DB3-4443-8168-9209020D6FF7}.Debug|Any CPU.ActiveCfg = Debug|Any CPU
		{896DF0E2-2DB3-4443-8168-9209020D6FF7}.Debug|Any CPU.Build.0 = Debug|Any CPU
		{896DF0E2-2DB3-4443-8168-9209020D6FF7}.Debug|x64.ActiveCfg = Debug|Any CPU
		{896DF0E2-2DB3-4443-8168-9209020D6FF7}.Debug|x64.Build.0 = Debug|Any CPU
		{896DF0E2-2DB3-4443-8168-9209020D6FF7}.Debug|x86.ActiveCfg = Debug|Any CPU
		{896DF0E2-2DB3-4443-8168-9209020D6FF7}.Debug|x86.Build.0 = Debug|Any CPU
		{896DF0E2-2DB3-4443-8168-9209020D6FF7}.Release|Any CPU.ActiveCfg = Release|Any CPU
		{896DF0E2-2DB3-4443-8168-9209020D6FF7}.Release|Any CPU.Build.0 = Release|Any CPU
		{896DF0E2-2DB3-4443-8168-9209020D6FF7}.Release|x64.ActiveCfg = Release|Any CPU
		{896DF0E2-2DB3-4443-8168-9209020D6FF7}.Release|x64.Build.0 = Release|Any CPU
		{896DF0E2-2DB3-4443-8168-9209020D6FF7}.Release|x86.ActiveCfg = Release|Any CPU
		{896DF0E2-2DB3-4443-8168-9209020D6FF7}.Release|x86.Build.0 = Release|Any CPU
		{17BB9629-0D91-48FA-A16E-A2164FE5032E}.Debug|Any CPU.ActiveCfg = Debug|Any CPU
		{17BB9629-0D91-48FA-A16E-A2164FE5032E}.Debug|Any CPU.Build.0 = Debug|Any CPU
		{17BB9629-0D91-48FA-A16E-A2164FE5032E}.Debug|x64.ActiveCfg = Debug|Any CPU
		{17BB9629-0D91-48FA-A16E-A2164FE5032E}.Debug|x64.Build.0 = Debug|Any CPU
		{17BB9629-0D91-48FA-A16E-A2164FE5032E}.Debug|x86.ActiveCfg = Debug|Any CPU
		{17BB9629-0D91-48FA-A16E-A2164FE5032E}.Debug|x86.Build.0 = Debug|Any CPU
		{17BB9629-0D91-48FA-A16E-A2164FE5032E}.Release|Any CPU.ActiveCfg = Release|Any CPU
		{17BB9629-0D91-48FA-A16E-A2164FE5032E}.Release|Any CPU.Build.0 = Release|Any CPU
		{17BB9629-0D91-48FA-A16E-A2164FE5032E}.Release|x64.ActiveCfg = Release|Any CPU
		{17BB9629-0D91-48FA-A16E-A2164FE5032E}.Release|x64.Build.0 = Release|Any CPU
		{17BB9629-0D91-48FA-A16E-A2164FE5032E}.Release|x86.ActiveCfg = Release|Any CPU
		{17BB9629-0D91-48FA-A16E-A2164FE5032E}.Release|x86.Build.0 = Release|Any CPU
		{C857B0BE-F67F-49EA-BCC4-075223FCCB29}.Debug|Any CPU.ActiveCfg = Debug|Any CPU
		{C857B0BE-F67F-49EA-BCC4-075223FCCB29}.Debug|Any CPU.Build.0 = Debug|Any CPU
		{C857B0BE-F67F-49EA-BCC4-075223FCCB29}.Debug|x64.ActiveCfg = Debug|Any CPU
		{C857B0BE-F67F-49EA-BCC4-075223FCCB29}.Debug|x64.Build.0 = Debug|Any CPU
		{C857B0BE-F67F-49EA-BCC4-075223FCCB29}.Debug|x86.ActiveCfg = Debug|Any CPU
		{C857B0BE-F67F-49EA-BCC4-075223FCCB29}.Debug|x86.Build.0 = Debug|Any CPU
		{C857B0BE-F67F-49EA-BCC4-075223FCCB29}.Release|Any CPU.ActiveCfg = Release|Any CPU
		{C857B0BE-F67F-49EA-BCC4-075223FCCB29}.Release|Any CPU.Build.0 = Release|Any CPU
		{C857B0BE-F67F-49EA-BCC4-075223FCCB29}.Release|x64.ActiveCfg = Release|Any CPU
		{C857B0BE-F67F-49EA-BCC4-075223FCCB29}.Release|x64.Build.0 = Release|Any CPU
		{C857B0BE-F67F-49EA-BCC4-075223FCCB29}.Release|x86.ActiveCfg = Release|Any CPU
		{C857B0BE-F67F-49EA-BCC4-075223FCCB29}.Release|x86.Build.0 = Release|Any CPU
		{C692FB47-BBA5-40B9-8AF0-E84F2A2EE46A}.Debug|Any CPU.ActiveCfg = Debug|Any CPU
		{C692FB47-BBA5-40B9-8AF0-E84F2A2EE46A}.Debug|Any CPU.Build.0 = Debug|Any CPU
		{C692FB47-BBA5-40B9-8AF0-E84F2A2EE46A}.Debug|x64.ActiveCfg = Debug|Any CPU
		{C692FB47-BBA5-40B9-8AF0-E84F2A2EE46A}.Debug|x64.Build.0 = Debug|Any CPU
		{C692FB47-BBA5-40B9-8AF0-E84F2A2EE46A}.Debug|x86.ActiveCfg = Debug|Any CPU
		{C692FB47-BBA5-40B9-8AF0-E84F2A2EE46A}.Debug|x86.Build.0 = Debug|Any CPU
		{C692FB47-BBA5-40B9-8AF0-E84F2A2EE46A}.Release|Any CPU.ActiveCfg = Release|Any CPU
		{C692FB47-BBA5-40B9-8AF0-E84F2A2EE46A}.Release|Any CPU.Build.0 = Release|Any CPU
		{C692FB47-BBA5-40B9-8AF0-E84F2A2EE46A}.Release|x64.ActiveCfg = Release|Any CPU
		{C692FB47-BBA5-40B9-8AF0-E84F2A2EE46A}.Release|x64.Build.0 = Release|Any CPU
		{C692FB47-BBA5-40B9-8AF0-E84F2A2EE46A}.Release|x86.ActiveCfg = Release|Any CPU
		{C692FB47-BBA5-40B9-8AF0-E84F2A2EE46A}.Release|x86.Build.0 = Release|Any CPU
	EndGlobalSection
	GlobalSection(SolutionProperties) = preSolution
		HideSolutionNode = FALSE
	EndGlobalSection
	GlobalSection(NestedProjects) = preSolution
		{B86D4D1C-C8FF-1C72-8991-A288736FBADF} = {A1A1A1A1-A1A1-A1A1-A1A1-A1A1A1A1A1A1}
		{8CE1A7CB-C122-8325-5DE3-ECEBAD60DFC9} = {B86D4D1C-C8FF-1C72-8991-A288736FBADF}
		{7102A52E-38AF-4637-B7CD-8BCB79FAD096} = {8CE1A7CB-C122-8325-5DE3-ECEBAD60DFC9}
		{A32CDD6F-19C8-1586-9F76-85F710C55459} = {B86D4D1C-C8FF-1C72-8991-A288736FBADF}
		{DD40E76A-1F8E-4ADF-828D-5029DE9851D9} = {A32CDD6F-19C8-1586-9F76-85F710C55459}
		{EDCBAAE4-A1CD-4967-BCD8-9DCE3317D99B} = {A32CDD6F-19C8-1586-9F76-85F710C55459}
		{896DF0E2-2DB3-4443-8168-9209020D6FF7} = {A32CDD6F-19C8-1586-9F76-85F710C55459}
		{17BB9629-0D91-48FA-A16E-A2164FE5032E} = {A32CDD6F-19C8-1586-9F76-85F710C55459}
		{C857B0BE-F67F-49EA-BCC4-075223FCCB29} = {A32CDD6F-19C8-1586-9F76-85F710C55459}
		{35B95F07-3EB9-6AFC-CC15-582773211F49} = {B86D4D1C-C8FF-1C72-8991-A288736FBADF}
		{C692FB47-BBA5-40B9-8AF0-E84F2A2EE46A} = {35B95F07-3EB9-6AFC-CC15-582773211F49}
	EndGlobalSection
EndGlobal
